
Microsoft Visual Studio Solution File, Format Version 12.00
# Visual Studio Version 16
VisualStudioVersion = 16.0.32126.315
MinimumVisualStudioVersion = 10.0.40219.1
Project("{9A19103F-16F7-4668-BE54-9A1E7A4F7556}") = "notaAluno", "notaAluno.csproj", "{61383E2E-270A-475E-8362-53AB49C32FBD}"
EndProject
Global
	GlobalSection(SolutionConfigurationPlatforms) = preSolution
		Debug|Any CPU = Debug|Any CPU
		Release|Any CPU = Release|Any CPU
	EndGlobalSection
	GlobalSection(ProjectConfigurationPlatforms) = postSolution
		{61383E2E-270A-475E-8362-53AB49C32FBD}.Debug|Any CPU.ActiveCfg = Debug|Any CPU
		{61383E2E-270A-475E-8362-53AB49C32FBD}.Debug|Any CPU.Build.0 = Debug|Any CPU
		{61383E2E-270A-475E-8362-53AB49C32FBD}.Release|Any CPU.ActiveCfg = Release|Any CPU
		{61383E2E-270A-475E-8362-53AB49C32FBD}.Release|Any CPU.Build.0 = Release|Any CPU
	EndGlobalSection
	GlobalSection(SolutionProperties) = preSolution
		HideSolutionNode = FALSE
	EndGlobalSection
	GlobalSection(ExtensibilityGlobals) = postSolution
		SolutionGuid = {6C3DBAF3-2F41-458A-AC8D-EF8D1919A12C}
	EndGlobalSection
EndGlobal
