
Microsoft Visual Studio Solution File, Format Version 12.00
# Visual Studio Version 16
VisualStudioVersion = 16.0.32126.315
MinimumVisualStudioVersion = 10.0.40219.1
Project("{9A19103F-16F7-4668-BE54-9A1E7A4F7556}") = "FileStream_StreamReader_1", "FileStream_StreamReader_1.csproj", "{0B9D1D8C-146C-4CA2-86A8-18212FF47393}"
EndProject
Global
	GlobalSection(SolutionConfigurationPlatforms) = preSolution
		Debug|Any CPU = Debug|Any CPU
		Release|Any CPU = Release|Any CPU
	EndGlobalSection
	GlobalSection(ProjectConfigurationPlatforms) = postSolution
		{0B9D1D8C-146C-4CA2-86A8-18212FF47393}.Debug|Any CPU.ActiveCfg = Debug|Any CPU
		{0B9D1D8C-146C-4CA2-86A8-18212FF47393}.Debug|Any CPU.Build.0 = Debug|Any CPU
		{0B9D1D8C-146C-4CA2-86A8-18212FF47393}.Release|Any CPU.ActiveCfg = Release|Any CPU
		{0B9D1D8C-146C-4CA2-86A8-18212FF47393}.Release|Any CPU.Build.0 = Release|Any CPU
	EndGlobalSection
	GlobalSection(SolutionProperties) = preSolution
		HideSolutionNode = FALSE
	EndGlobalSection
	GlobalSection(ExtensibilityGlobals) = postSolution
		SolutionGuid = {CDD537C2-A38E-42E4-AFBF-11B46F73569A}
	EndGlobalSection
EndGlobal
