
Microsoft Visual Studio Solution File, Format Version 12.00
# Visual Studio Version 16
VisualStudioVersion = 16.0.32126.315
MinimumVisualStudioVersion = 10.0.40219.1
Project("{FAE04EC0-301F-11D3-BF4B-00C04F79EFBC}") = "problemEx_2", "problemEx_2.csproj", "{A1922F5B-B880-4784-8C52-FA7E4A2F6634}"
EndProject
Global
	GlobalSection(SolutionConfigurationPlatforms) = preSolution
		Debug|Any CPU = Debug|Any CPU
		Release|Any CPU = Release|Any CPU
	EndGlobalSection
	GlobalSection(ProjectConfigurationPlatforms) = postSolution
		{A1922F5B-B880-4784-8C52-FA7E4A2F6634}.Debug|Any CPU.ActiveCfg = Debug|Any CPU
		{A1922F5B-B880-4784-8C52-FA7E4A2F6634}.Debug|Any CPU.Build.0 = Debug|Any CPU
		{A1922F5B-B880-4784-8C52-FA7E4A2F6634}.Release|Any CPU.ActiveCfg = Release|Any CPU
		{A1922F5B-B880-4784-8C52-FA7E4A2F6634}.Release|Any CPU.Build.0 = Release|Any CPU
	EndGlobalSection
	GlobalSection(SolutionProperties) = preSolution
		HideSolutionNode = FALSE
	EndGlobalSection
	GlobalSection(ExtensibilityGlobals) = postSolution
		SolutionGuid = {C91A63FE-0645-4C56-B1FA-60D0D3438119}
	EndGlobalSection
EndGlobal
