
Microsoft Visual Studio Solution File, Format Version 12.00
# Visual Studio Version 16
VisualStudioVersion = 16.0.32126.315
MinimumVisualStudioVersion = 10.0.40219.1
Project("{FAE04EC0-301F-11D3-BF4B-00C04F79EFBC}") = "UsingStatement", "UsingStatement.csproj", "{61205532-8602-457E-B61E-D9DE854A2B30}"
EndProject
Global
	GlobalSection(SolutionConfigurationPlatforms) = preSolution
		Debug|Any CPU = Debug|Any CPU
		Release|Any CPU = Release|Any CPU
	EndGlobalSection
	GlobalSection(ProjectConfigurationPlatforms) = postSolution
		{61205532-8602-457E-B61E-D9DE854A2B30}.Debug|Any CPU.ActiveCfg = Debug|Any CPU
		{61205532-8602-457E-B61E-D9DE854A2B30}.Debug|Any CPU.Build.0 = Debug|Any CPU
		{61205532-8602-457E-B61E-D9DE854A2B30}.Release|Any CPU.ActiveCfg = Release|Any CPU
		{61205532-8602-457E-B61E-D9DE854A2B30}.Release|Any CPU.Build.0 = Release|Any CPU
	EndGlobalSection
	GlobalSection(SolutionProperties) = preSolution
		HideSolutionNode = FALSE
	EndGlobalSection
	GlobalSection(ExtensibilityGlobals) = postSolution
		SolutionGuid = {5D9F2840-7414-4E12-8B07-D54013415E15}
	EndGlobalSection
EndGlobal
