
Microsoft Visual Studio Solution File, Format Version 12.00
# Visual Studio Version 16
VisualStudioVersion = 16.0.32126.315
MinimumVisualStudioVersion = 10.0.40219.1
Project("{9A19103F-16F7-4668-BE54-9A1E7A4F7556}") = "PathAula", "PathAula.csproj", "{12ADA508-467D-40A7-8D5E-01F2E6894F88}"
EndProject
Global
	GlobalSection(SolutionConfigurationPlatforms) = preSolution
		Debug|Any CPU = Debug|Any CPU
		Release|Any CPU = Release|Any CPU
	EndGlobalSection
	GlobalSection(ProjectConfigurationPlatforms) = postSolution
		{12ADA508-467D-40A7-8D5E-01F2E6894F88}.Debug|Any CPU.ActiveCfg = Debug|Any CPU
		{12ADA508-467D-40A7-8D5E-01F2E6894F88}.Debug|Any CPU.Build.0 = Debug|Any CPU
		{12ADA508-467D-40A7-8D5E-01F2E6894F88}.Release|Any CPU.ActiveCfg = Release|Any CPU
		{12ADA508-467D-40A7-8D5E-01F2E6894F88}.Release|Any CPU.Build.0 = Release|Any CPU
	EndGlobalSection
	GlobalSection(SolutionProperties) = preSolution
		HideSolutionNode = FALSE
	EndGlobalSection
	GlobalSection(ExtensibilityGlobals) = postSolution
		SolutionGuid = {AED7BA67-F9D5-42B2-9A49-C3A50EFA8B75}
	EndGlobalSection
EndGlobal
