
Microsoft Visual Studio Solution File, Format Version 12.00
# Visual Studio Version 16
VisualStudioVersion = 16.0.32126.315
MinimumVisualStudioVersion = 10.0.40219.1
Project("{FAE04EC0-301F-11D3-BF4B-00C04F79EFBC}") = "Exercicio_2", "Exercicio_2.csproj", "{CE53F9A0-5806-41BC-9331-A2A792DB93B1}"
EndProject
Global
	GlobalSection(SolutionConfigurationPlatforms) = preSolution
		Debug|Any CPU = Debug|Any CPU
		Release|Any CPU = Release|Any CPU
	EndGlobalSection
	GlobalSection(ProjectConfigurationPlatforms) = postSolution
		{CE53F9A0-5806-41BC-9331-A2A792DB93B1}.Debug|Any CPU.ActiveCfg = Debug|Any CPU
		{CE53F9A0-5806-41BC-9331-A2A792DB93B1}.Debug|Any CPU.Build.0 = Debug|Any CPU
		{CE53F9A0-5806-41BC-9331-A2A792DB93B1}.Release|Any CPU.ActiveCfg = Release|Any CPU
		{CE53F9A0-5806-41BC-9331-A2A792DB93B1}.Release|Any CPU.Build.0 = Release|Any CPU
	EndGlobalSection
	GlobalSection(SolutionProperties) = preSolution
		HideSolutionNode = FALSE
	EndGlobalSection
	GlobalSection(ExtensibilityGlobals) = postSolution
		SolutionGuid = {A6052BF5-706B-443E-A698-A2FE172A0911}
	EndGlobalSection
EndGlobal
