
Microsoft Visual Studio Solution File, Format Version 12.00
# Visual Studio Version 16
VisualStudioVersion = 16.0.32126.315
MinimumVisualStudioVersion = 10.0.40219.1
Project("{FAE04EC0-301F-11D3-BF4B-00C04F79EFBC}") = "File_fileInfo_ioException", "File_fileInfo_ioException.csproj", "{75B118B6-056C-4937-8D13-8A0E32E89FD2}"
EndProject
Global
	GlobalSection(SolutionConfigurationPlatforms) = preSolution
		Debug|Any CPU = Debug|Any CPU
		Release|Any CPU = Release|Any CPU
	EndGlobalSection
	GlobalSection(ProjectConfigurationPlatforms) = postSolution
		{75B118B6-056C-4937-8D13-8A0E32E89FD2}.Debug|Any CPU.ActiveCfg = Debug|Any CPU
		{75B118B6-056C-4937-8D13-8A0E32E89FD2}.Debug|Any CPU.Build.0 = Debug|Any CPU
		{75B118B6-056C-4937-8D13-8A0E32E89FD2}.Release|Any CPU.ActiveCfg = Release|Any CPU
		{75B118B6-056C-4937-8D13-8A0E32E89FD2}.Release|Any CPU.Build.0 = Release|Any CPU
	EndGlobalSection
	GlobalSection(SolutionProperties) = preSolution
		HideSolutionNode = FALSE
	EndGlobalSection
	GlobalSection(ExtensibilityGlobals) = postSolution
		SolutionGuid = {E2A60AEA-30B9-464C-BC55-8FB2D282A35B}
	EndGlobalSection
EndGlobal
