
Microsoft Visual Studio Solution File, Format Version 12.00
# Visual Studio Version 16
VisualStudioVersion = 16.0.32126.315
MinimumVisualStudioVersion = 10.0.40219.1
Project("{FAE04EC0-301F-11D3-BF4B-00C04F79EFBC}") = "Set_1", "Set_1.csproj", "{53B09AC3-7453-45A0-A37A-155316251395}"
EndProject
Global
	GlobalSection(SolutionConfigurationPlatforms) = preSolution
		Debug|Any CPU = Debug|Any CPU
		Release|Any CPU = Release|Any CPU
	EndGlobalSection
	GlobalSection(ProjectConfigurationPlatforms) = postSolution
		{53B09AC3-7453-45A0-A37A-155316251395}.Debug|Any CPU.ActiveCfg = Debug|Any CPU
		{53B09AC3-7453-45A0-A37A-155316251395}.Debug|Any CPU.Build.0 = Debug|Any CPU
		{53B09AC3-7453-45A0-A37A-155316251395}.Release|Any CPU.ActiveCfg = Release|Any CPU
		{53B09AC3-7453-45A0-A37A-155316251395}.Release|Any CPU.Build.0 = Release|Any CPU
	EndGlobalSection
	GlobalSection(SolutionProperties) = preSolution
		HideSolutionNode = FALSE
	EndGlobalSection
	GlobalSection(ExtensibilityGlobals) = postSolution
		SolutionGuid = {850163CD-319F-46F5-82B0-F314F9D5183A}
	EndGlobalSection
EndGlobal
